
Microsoft Visual Studio Solution File, Format Version 12.00
# Visual Studio Version 17
VisualStudioVersion = 17.2.32616.157
MinimumVisualStudioVersion = 10.0.40219.1
Project("{8BC9CEB8-8B4A-11D0-8D11-00A0C91BC942}") = "DataTypes", "DataTypes\DataTypes.vcxproj", "{2A180F6C-1D6D-406A-8ADF-4FB9DB52162A}"
EndProject
Global
	GlobalSection(SolutionConfigurationPlatforms) = preSolution
		Debug|x64 = Debug|x64
		Debug|x86 = Debug|x86
		Release|x64 = Release|x64
		Release|x86 = Release|x86
	EndGlobalSection
	GlobalSection(ProjectConfigurationPlatforms) = postSolution
		{2A180F6C-1D6D-406A-8ADF-4FB9DB52162A}.Debug|x64.ActiveCfg = Debug|x64
		{2A180F6C-1D6D-406A-8ADF-4FB9DB52162A}.Debug|x64.Build.0 = Debug|x64
		{2A180F6C-1D6D-406A-8ADF-4FB9DB52162A}.Debug|x86.ActiveCfg = Debug|Win32
		{2A180F6C-1D6D-406A-8ADF-4FB9DB52162A}.Debug|x86.Build.0 = Debug|Win32
		{2A180F6C-1D6D-406A-8ADF-4FB9DB52162A}.Release|x64.ActiveCfg = Release|x64
		{2A180F6C-1D6D-406A-8ADF-4FB9DB52162A}.Release|x64.Build.0 = Release|x64
		{2A180F6C-1D6D-406A-8ADF-4FB9DB52162A}.Release|x86.ActiveCfg = Release|Win32
		{2A180F6C-1D6D-406A-8ADF-4FB9DB52162A}.Release|x86.Build.0 = Release|Win32
	EndGlobalSection
	GlobalSection(SolutionProperties) = preSolution
		HideSolutionNode = FALSE
	EndGlobalSection
	GlobalSection(ExtensibilityGlobals) = postSolution
		SolutionGuid = {2A5C4FAC-6B43-4079-8D6F-E5FF1E2AE653}
	EndGlobalSection
EndGlobal
